{
  "nodes": {
    "nixpkgs": {
      "locked": {
        "lastModified": 1772433332,
        "narHash": "sha256-izhTDFKsg6KeVBxJS9EblGeQ8y+O8eCa6RcW874vxEc=",
        "owner": "NixOS",
        "repo": "nixpkgs",
        "rev": "cf59864ef8aa2e178cccedbe2c178185b0365705",
        "type": "github"
      },
      "original": {
        "owner": "NixOS",
        "ref": "nixos-unstable",
        "repo": "nixpkgs",
        "type": "github"
      }
    },
    "nixpkgs_2": {
      "locked": {
        "lastModified": 1772433332,
        "narHash": "sha256-izhTDFKsg6KeVBxJS9EblGeQ8y+O8eCa6RcW874vxEc=",
        "owner": "nixos",
        "repo": "nixpkgs",
        "rev": "cf59864ef8aa2e178cccedbe2c178185b0365705",
        "type": "github"
      },
      "original": {
        "owner": "nixos",
        "ref": "nixos-unstable",
        "repo": "nixpkgs",
        "type": "github"
      }
    },
    "root": {
      "inputs": {
        "nixpkgs": "nixpkgs",
        "thorium": "thorium"
      }
    },
    "thorium": {
      "inputs": {
        "nixpkgs": "nixpkgs_2"
      },
      "locked": {
        "lastModified": 1772479861,
        "narHash": "sha256-FYee9BkkhBAYywP5PKidQiOykZclib3v3FfA6d7hgQI=",
        "owner": "Rishabh5321",
        "repo": "thorium_flake",
        "rev": "c9abdf47475cd3caca7765f25b306a5ff7decd8a",
        "type": "github"
      },
      "original": {
        "owner": "Rishabh5321",
        "repo": "thorium_flake",
        "type": "github"
      }
    }
  },
  "root": "root",
  "version": 7
}
